
Microsoft Visual Studio Solution File, Format Version 12.00
# Visual Studio Version 16
VisualStudioVersion = 16.0.30011.22
MinimumVisualStudioVersion = 10.0.40219.1
Project("{8BC9CEB8-8B4A-11D0-8D11-00A0C91BC942}") = "TheWumpusHunter", "TheWumpusHunter\TheWumpusHunter.vcxproj", "{ECBD5F10-B681-4E1A-B8EE-4DB0BDB062FE}"
EndProject
Global
	GlobalSection(SolutionConfigurationPlatforms) = preSolution
		Debug|x64 = Debug|x64
		Debug|x86 = Debug|x86
		Release|x64 = Release|x64
		Release|x86 = Release|x86
	EndGlobalSection
	GlobalSection(ProjectConfigurationPlatforms) = postSolution
		{ECBD5F10-B681-4E1A-B8EE-4DB0BDB062FE}.Debug|x64.ActiveCfg = Debug|x64
		{ECBD5F10-B681-4E1A-B8EE-4DB0BDB062FE}.Debug|x64.Build.0 = Debug|x64
		{ECBD5F10-B681-4E1A-B8EE-4DB0BDB062FE}.Debug|x86.ActiveCfg = Debug|Win32
		{ECBD5F10-B681-4E1A-B8EE-4DB0BDB062FE}.Debug|x86.Build.0 = Debug|Win32
		{ECBD5F10-B681-4E1A-B8EE-4DB0BDB062FE}.Release|x64.ActiveCfg = Release|x64
		{ECBD5F10-B681-4E1A-B8EE-4DB0BDB062FE}.Release|x64.Build.0 = Release|x64
		{ECBD5F10-B681-4E1A-B8EE-4DB0BDB062FE}.Release|x86.ActiveCfg = Release|Win32
		{ECBD5F10-B681-4E1A-B8EE-4DB0BDB062FE}.Release|x86.Build.0 = Release|Win32
	EndGlobalSection
	GlobalSection(SolutionProperties) = preSolution
		HideSolutionNode = FALSE
	EndGlobalSection
	GlobalSection(ExtensibilityGlobals) = postSolution
		SolutionGuid = {1D0D178B-0298-4CC0-B11A-39974875F31F}
	EndGlobalSection
EndGlobal
